
Microsoft Visual Studio Solution File, Format Version 12.00
# Visual Studio Version 17
VisualStudioVersion = 17.4.33213.308
MinimumVisualStudioVersion = 10.0.40219.1
Project("{FAE04EC0-301F-11D3-BF4B-00C04F79EFBC}") = "GameRent", "GameRent\GameRent.csproj", "{AFBB2210-29B8-48DB-A8E1-4EC2CA18D218}"
EndProject
Global
	GlobalSection(SolutionConfigurationPlatforms) = preSolution
		Debug|Any CPU = Debug|Any CPU
		Release|Any CPU = Release|Any CPU
	EndGlobalSection
	GlobalSection(ProjectConfigurationPlatforms) = postSolution
		{AFBB2210-29B8-48DB-A8E1-4EC2CA18D218}.Debug|Any CPU.ActiveCfg = Debug|Any CPU
		{AFBB2210-29B8-48DB-A8E1-4EC2CA18D218}.Debug|Any CPU.Build.0 = Debug|Any CPU
		{AFBB2210-29B8-48DB-A8E1-4EC2CA18D218}.Release|Any CPU.ActiveCfg = Release|Any CPU
		{AFBB2210-29B8-48DB-A8E1-4EC2CA18D218}.Release|Any CPU.Build.0 = Release|Any CPU
	EndGlobalSection
	GlobalSection(SolutionProperties) = preSolution
		HideSolutionNode = FALSE
	EndGlobalSection
	GlobalSection(ExtensibilityGlobals) = postSolution
		SolutionGuid = {D69373BF-475B-45C0-A1F8-1B5BD52D38CD}
	EndGlobalSection
EndGlobal
